// !$*UTF8*$!
{
	archiveVersion = 1;
	classes = {
	};
	objectVersion = 46;
	objects = {

/* Begin PBXBuildFile section */
		5E7B74A01C47D742002D8D5D /* AppDelegate.swift in Sources */ = {isa = PBXBuildFile; fileRef = 5E7B749F1C47D742002D8D5D /* AppDelegate.swift */; };
		5E7B74A21C47D742002D8D5D /* ViewController.swift in Sources */ = {isa = PBXBuildFile; fileRef = 5E7B74A11C47D742002D8D5D /* ViewController.swift */; };
		5E7B74A51C47D742002D8D5D /* Main.storyboard in Resources */ = {isa = PBXBuildFile; fileRef = 5E7B74A31C47D742002D8D5D /* Main.storyboard */; };
		5E7B74A71C47D742002D8D5D /* Assets.xcassets in Resources */ = {isa = PBXBuildFile; fileRef = 5E7B74A61C47D742002D8D5D /* Assets.xcassets */; };
		5E7B74AA1C47D742002D8D5D /* LaunchScreen.storyboard in Resources */ = {isa = PBXBuildFile; fileRef = 5E7B74A81C47D742002D8D5D /* LaunchScreen.storyboard */; };
		5E7B74B51C47D742002D8D5D /* DynamicSelectionHeightExampleTests.swift in Sources */ = {isa = PBXBuildFile; fileRef = 5E7B74B41C47D742002D8D5D /* DynamicSelectionHeightExampleTests.swift */; };
		5E7B74C01C47D742002D8D5D /* DynamicSelectionHeightExampleUITests.swift in Sources */ = {isa = PBXBuildFile; fileRef = 5E7B74BF1C47D742002D8D5D /* DynamicSelectionHeightExampleUITests.swift */; };
/* End PBXBuildFile section */

/* Begin PBXContainerItemProxy section */
		5E7B74B11C47D742002D8D5D /* PBXContainerItemProxy */ = {
			isa = PBXContainerItemProxy;
			containerPortal = 5E7B74941C47D742002D8D5D /* Project object */;
			proxyType = 1;
			remoteGlobalIDString = 5E7B749B1C47D742002D8D5D;
			remoteInfo = DynamicSelectionHeightExample;
		};
		5E7B74BC1C47D742002D8D5D /* PBXContainerItemProxy */ = {
			isa = PBXContainerItemProxy;
			containerPortal = 5E7B74941C47D742002D8D5D /* Project object */;
			proxyType = 1;
			remoteGlobalIDString = 5E7B749B1C47D742002D8D5D;
			remoteInfo = DynamicSelectionHeightExample;
		};
/* End PBXContainerItemProxy section */

/* Begin PBXFileReference section */
		5E7B749C1C47D742002D8D5D /* DynamicSelectionHeightExample.app */ = {isa = PBXFileReference; explicitFileType = wrapper.application; includeInIndex = 0; path = DynamicSelectionHeightExample.app; sourceTree = BUILT_PRODUCTS_DIR; };
		5E7B749F1C47D742002D8D5D /* AppDelegate.swift */ = {isa = PBXFileReference; lastKnownFileType = sourcecode.swift; path = AppDelegate.swift; sourceTree = "<group>"; };
		5E7B74A11C47D742002D8D5D /* ViewController.swift */ = {isa = PBXFileReference; lastKnownFileType = sourcecode.swift; path = ViewController.swift; sourceTree = "<group>"; };
		5E7B74A41C47D742002D8D5D /* Base */ = {isa = PBXFileReference; lastKnownFileType = file.storyboard; name = Base; path = Base.lproj/Main.storyboard; sourceTree = "<group>"; };
		5E7B74A61C47D742002D8D5D /* Assets.xcassets */ = {isa = PBXFileReference; lastKnownFileType = folder.assetcatalog; path = Assets.xcassets; sourceTree = "<group>"; };
		5E7B74A91C47D742002D8D5D /* Base */ = {isa = PBXFileReference; lastKnownFileType = file.storyboard; name = Base; path = Base.lproj/LaunchScreen.storyboard; sourceTree = "<group>"; };
		5E7B74AB1C47D742002D8D5D /* Info.plist */ = {isa = PBXFileReference; lastKnownFileType = text.plist.xml; path = Info.plist; sourceTree = "<group>"; };
		5E7B74B01C47D742002D8D5D /* DynamicSelectionHeightExampleTests.xctest */ = {isa = PBXFileReference; explicitFileType = wrapper.cfbundle; includeInIndex = 0; path = DynamicSelectionHeightExampleTests.xctest; sourceTree = BUILT_PRODUCTS_DIR; };
		5E7B74B41C47D742002D8D5D /* DynamicSelectionHeightExampleTests.swift */ = {isa = PBXFileReference; lastKnownFileType = sourcecode.swift; path = DynamicSelectionHeightExampleTests.swift; sourceTree = "<group>"; };
		5E7B74B61C47D742002D8D5D /* Info.plist */ = {isa = PBXFileReference; lastKnownFileType = text.plist.xml; path = Info.plist; sourceTree = "<group>"; };
		5E7B74BB1C47D742002D8D5D /* DynamicSelectionHeightExampleUITests.xctest */ = {isa = PBXFileReference; explicitFileType = wrapper.cfbundle; includeInIndex = 0; path = DynamicSelectionHeightExampleUITests.xctest; sourceTree = BUILT_PRODUCTS_DIR; };
		5E7B74BF1C47D742002D8D5D /* DynamicSelectionHeightExampleUITests.swift */ = {isa = PBXFileReference; lastKnownFileType = sourcecode.swift; path = DynamicSelectionHeightExampleUITests.swift; sourceTree = "<group>"; };
		5E7B74C11C47D742002D8D5D /* Info.plist */ = {isa = PBXFileReference; lastKnownFileType = text.plist.xml; path = Info.plist; sourceTree = "<group>"; };
/* End PBXFileReference section */

/* Begin PBXFrameworksBuildPhase section */
		5E7B74991C47D742002D8D5D /* Frameworks */ = {
			isa = PBXFrameworksBuildPhase;
			buildActionMask = 2147483647;
			files = (
			);
			runOnlyForDeploymentPostprocessing = 0;
		};
		5E7B74AD1C47D742002D8D5D /* Frameworks */ = {
			isa = PBXFrameworksBuildPhase;
			buildActionMask = 2147483647;
			files = (
			);
			runOnlyForDeploymentPostprocessing = 0;
		};
		5E7B74B81C47D742002D8D5D /* Frameworks */ = {
			isa = PBXFrameworksBuildPhase;
			buildActionMask = 2147483647;
			files = (
			);
			runOnlyForDeploymentPostprocessing = 0;
		};
/* End PBXFrameworksBuildPhase section */

/* Begin PBXGroup section */
		5E7B74931C47D742002D8D5D = {
			isa = PBXGroup;
			children = (
				5E7B749E1C47D742002D8D5D /* DynamicSelectionHeightExample */,
				5E7B74B31C47D742002D8D5D /* DynamicSelectionHeightExampleTests */,
				5E7B74BE1C47D742002D8D5D /* DynamicSelectionHeightExampleUITests */,
				5E7B749D1C47D742002D8D5D /* Products */,
			);
			sourceTree = "<group>";
		};
		5E7B749D1C47D742002D8D5D /* Products */ = {
			isa = PBXGroup;
			children = (
				5E7B749C1C47D742002D8D5D /* DynamicSelectionHeightExample.app */,
				5E7B74B01C47D742002D8D5D /* DynamicSelectionHeightExampleTests.xctest */,
				5E7B74BB1C47D742002D8D5D /* DynamicSelectionHeightExampleUITests.xctest */,
			);
			name = Products;
			sourceTree = "<group>";
		};
		5E7B749E1C47D742002D8D5D /* DynamicSelectionHeightExample */ = {
			isa = PBXGroup;
			children = (
				5E7B749F1C47D742002D8D5D /* AppDelegate.swift */,
				5E7B74A11C47D742002D8D5D /* ViewController.swift */,
				5E7B74A31C47D742002D8D5D /* Main.storyboard */,
				5E7B74A61C47D742002D8D5D /* Assets.xcassets */,
				5E7B74A81C47D742002D8D5D /* LaunchScreen.storyboard */,
				5E7B74AB1C47D742002D8D5D /* Info.plist */,
			);
			path = DynamicSelectionHeightExample;
			sourceTree = "<group>";
		};
		5E7B74B31C47D742002D8D5D /* DynamicSelectionHeightExampleTests */ = {
			isa = PBXGroup;
			children = (
				5E7B74B41C47D742002D8D5D /* DynamicSelectionHeightExampleTests.swift */,
				5E7B74B61C47D742002D8D5D /* Info.plist */,
			);
			path = DynamicSelectionHeightExampleTests;
			sourceTree = "<group>";
		};
		5E7B74BE1C47D742002D8D5D /* DynamicSelectionHeightExampleUITests */ = {
			isa = PBXGroup;
			children = (
				5E7B74BF1C47D742002D8D5D /* DynamicSelectionHeightExampleUITests.swift */,
				5E7B74C11C47D742002D8D5D /* Info.plist */,
			);
			path = DynamicSelectionHeightExampleUITests;
			sourceTree = "<group>";
		};
/* End PBXGroup section */

/* Begin PBXNativeTarget section */
		5E7B749B1C47D742002D8D5D /* DynamicSelectionHeightExample */ = {
			isa = PBXNativeTarget;
			buildConfigurationList = 5E7B74C41C47D742002D8D5D /* Build configuration list for PBXNativeTarget "DynamicSelectionHeightExample" */;
			buildPhases = (
				5E7B74981C47D742002D8D5D /* Sources */,
				5E7B74991C47D742002D8D5D /* Frameworks */,
				5E7B749A1C47D742002D8D5D /* Resources */,
			);
			buildRules = (
			);
			dependencies = (
			);
			name = DynamicSelectionHeightExample;
			productName = DynamicSelectionHeightExample;
			productReference = 5E7B749C1C47D742002D8D5D /* DynamicSelectionHeightExample.app */;
			productType = "com.apple.product-type.application";
		};
		5E7B74AF1C47D742002D8D5D /* DynamicSelectionHeightExampleTests */ = {
			isa = PBXNativeTarget;
			buildConfigurationList = 5E7B74C71C47D742002D8D5D /* Build configuration list for PBXNativeTarget "DynamicSelectionHeightExampleTests" */;
			buildPhases = (
				5E7B74AC1C47D742002D8D5D /* Sources */,
				5E7B74AD1C47D742002D8D5D /* Frameworks */,
				5E7B74AE1C47D742002D8D5D /* Resources */,
			);
			buildRules = (
			);
			dependencies = (
				5E7B74B21C47D742002D8D5D /* PBXTargetDependency */,
			);
			name = DynamicSelectionHeightExampleTests;
			productName = DynamicSelectionHeightExampleTests;
			productReference = 5E7B74B01C47D742002D8D5D /* DynamicSelectionHeightExampleTests.xctest */;
			productType = "com.apple.product-type.bundle.unit-test";
		};
		5E7B74BA1C47D742002D8D5D /* DynamicSelectionHeightExampleUITests */ = {
			isa = PBXNativeTarget;
			buildConfigurationList = 5E7B74CA1C47D742002D8D5D /* Build configuration list for PBXNativeTarget "DynamicSelectionHeightExampleUITests" */;
			buildPhases = (
				5E7B74B71C47D742002D8D5D /* Sources */,
				5E7B74B81C47D742002D8D5D /* Frameworks */,
				5E7B74B91C47D742002D8D5D /* Resources */,
			);
			buildRules = (
			);
			dependencies = (
				5E7B74BD1C47D742002D8D5D /* PBXTargetDependency */,
			);
			name = DynamicSelectionHeightExampleUITests;
			productName = DynamicSelectionHeightExampleUITests;
			productReference = 5E7B74BB1C47D742002D8D5D /* DynamicSelectionHeightExampleUITests.xctest */;
			productType = "com.apple.product-type.bundle.ui-testing";
		};
/* End PBXNativeTarget section */

/* Begin PBXProject section */
		5E7B74941C47D742002D8D5D /* Project object */ = {
			isa = PBXProject;
			attributes = {
				LastSwiftUpdateCheck = 0730;
				LastUpgradeCheck = 0730;
				ORGANIZATIONNAME = "Kai Engelhardt";
				TargetAttributes = {
					5E7B749B1C47D742002D8D5D = {
						CreatedOnToolsVersion = 7.3;
					};
					5E7B74AF1C47D742002D8D5D = {
						CreatedOnToolsVersion = 7.3;
						TestTargetID = 5E7B749B1C47D742002D8D5D;
					};
					5E7B74BA1C47D742002D8D5D = {
						CreatedOnToolsVersion = 7.3;
						TestTargetID = 5E7B749B1C47D742002D8D5D;
					};
				};
			};
			buildConfigurationList = 5E7B74971C47D742002D8D5D /* Build configuration list for PBXProject "DynamicSelectionHeightExample" */;
			compatibilityVersion = "Xcode 3.2";
			developmentRegion = English;
			hasScannedForEncodings = 0;
			knownRegions = (
				en,
				Base,
			);
			mainGroup = 5E7B74931C47D742002D8D5D;
			productRefGroup = 5E7B749D1C47D742002D8D5D /* Products */;
			projectDirPath = "";
			projectRoot = "";
			targets = (
				5E7B749B1C47D742002D8D5D /* DynamicSelectionHeightExample */,
				5E7B74AF1C47D742002D8D5D /* DynamicSelectionHeightExampleTests */,
				5E7B74BA1C47D742002D8D5D /* DynamicSelectionHeightExampleUITests */,
			);
		};
/* End PBXProject section */

/* Begin PBXResourcesBuildPhase section */
		5E7B749A1C47D742002D8D5D /* Resources */ = {
			isa = PBXResourcesBuildPhase;
			buildActionMask = 2147483647;
			files = (
				5E7B74AA1C47D742002D8D5D /* LaunchScreen.storyboard in Resources */,
				5E7B74A71C47D742002D8D5D /* Assets.xcassets in Resources */,
				5E7B74A51C47D742002D8D5D /* Main.storyboard in Resources */,
			);
			runOnlyForDeploymentPostprocessing = 0;
		};
		5E7B74AE1C47D742002D8D5D /* Resources */ = {
			isa = PBXResourcesBuildPhase;
			buildActionMask = 2147483647;
			files = (
			);
			runOnlyForDeploymentPostprocessing = 0;
		};
		5E7B74B91C47D742002D8D5D /* Resources */ = {
			isa = PBXResourcesBuildPhase;
			buildActionMask = 2147483647;
			files = (
			);
			runOnlyForDeploymentPostprocessing = 0;
		};
/* End PBXResourcesBuildPhase section */

/* Begin PBXSourcesBuildPhase section */
		5E7B74981C47D742002D8D5D /* Sources */ = {
			isa = PBXSourcesBuildPhase;
			buildActionMask = 2147483647;
			files = (
				5E7B74A21C47D742002D8D5D /* ViewController.swift in Sources */,
				5E7B74A01C47D742002D8D5D /* AppDelegate.swift in Sources */,
			);
			runOnlyForDeploymentPostprocessing = 0;
		};
		5E7B74AC1C47D742002D8D5D /* Sources */ = {
			isa = PBXSourcesBuildPhase;
			buildActionMask = 2147483647;
			files = (
				5E7B74B51C47D742002D8D5D /* DynamicSelectionHeightExampleTests.swift in Sources */,
			);
			runOnlyForDeploymentPostprocessing = 0;
		};
		5E7B74B71C47D742002D8D5D /* Sources */ = {
			isa = PBXSourcesBuildPhase;
			buildActionMask = 2147483647;
			files = (
				5E7B74C01C47D742002D8D5D /* DynamicSelectionHeightExampleUITests.swift in Sources */,
			);
			runOnlyForDeploymentPostprocessing = 0;
		};
/* End PBXSourcesBuildPhase section */

/* Begin PBXTargetDependency section */
		5E7B74B21C47D742002D8D5D /* PBXTargetDependency */ = {
			isa = PBXTargetDependency;
			target = 5E7B749B1C47D742002D8D5D /* DynamicSelectionHeightExample */;
			targetProxy = 5E7B74B11C47D742002D8D5D /* PBXContainerItemProxy */;
		};
		5E7B74BD1C47D742002D8D5D /* PBXTargetDependency */ = {
			isa = PBXTargetDependency;
			target = 5E7B749B1C47D742002D8D5D /* DynamicSelectionHeightExample */;
			targetProxy = 5E7B74BC1C47D742002D8D5D /* PBXContainerItemProxy */;
		};
/* End PBXTargetDependency section */

/* Begin PBXVariantGroup section */
		5E7B74A31C47D742002D8D5D /* Main.storyboard */ = {
			isa = PBXVariantGroup;
			children = (
				5E7B74A41C47D742002D8D5D /* Base */,
			);
			name = Main.storyboard;
			sourceTree = "<group>";
		};
		5E7B74A81C47D742002D8D5D /* LaunchScreen.storyboard */ = {
			isa = PBXVariantGroup;
			children = (
				5E7B74A91C47D742002D8D5D /* Base */,
			);
			name = LaunchScreen.storyboard;
			sourceTree = "<group>";
		};
/* End PBXVariantGroup section */

/* Begin XCBuildConfiguration section */
		5E7B74C21C47D742002D8D5D /* Debug */ = {
			isa = XCBuildConfiguration;
			buildSettings = {
				ALWAYS_SEARCH_USER_PATHS = NO;
				CLANG_CXX_LANGUAGE_STANDARD = "gnu++0x";
				CLANG_CXX_LIBRARY = "libc++";
				CLANG_ENABLE_MODULES = YES;
				CLANG_ENABLE_OBJC_ARC = YES;
				CLANG_WARN_BOOL_CONVERSION = YES;
				CLANG_WARN_CONSTANT_CONVERSION = YES;
				CLANG_WARN_DIRECT_OBJC_ISA_USAGE = YES_ERROR;
				CLANG_WARN_EMPTY_BODY = YES;
				CLANG_WARN_ENUM_CONVERSION = YES;
				CLANG_WARN_INT_CONVERSION = YES;
				CLANG_WARN_OBJC_ROOT_CLASS = YES_ERROR;
				CLANG_WARN_UNREACHABLE_CODE = YES;
				CLANG_WARN__DUPLICATE_METHOD_MATCH = YES;
				"CODE_SIGN_IDENTITY[sdk=iphoneos*]" = "iPhone Developer";
				COPY_PHASE_STRIP = NO;
				DEBUG_INFORMATION_FORMAT = dwarf;
				ENABLE_STRICT_OBJC_MSGSEND = YES;
				ENABLE_TESTABILITY = YES;
				GCC_C_LANGUAGE_STANDARD = gnu99;
				GCC_DYNAMIC_NO_PIC = NO;
				GCC_NO_COMMON_BLOCKS = YES;
				GCC_OPTIMIZATION_LEVEL = 0;
				GCC_PREPROCESSOR_DEFINITIONS = (
					"DEBUG=1",
					"$(inherited)",
				);
				GCC_WARN_64_TO_32_BIT_CONVERSION = YES;
				GCC_WARN_ABOUT_RETURN_TYPE = YES_ERROR;
				GCC_WARN_UNDECLARED_SELECTOR = YES;
				GCC_WARN_UNINITIALIZED_AUTOS = YES_AGGRESSIVE;
				GCC_WARN_UNUSED_FUNCTION = YES;
				GCC_WARN_UNUSED_VARIABLE = YES;
				IPHONEOS_DEPLOYMENT_TARGET = 9.3;
				MTL_ENABLE_DEBUG_INFO = YES;
				ONLY_ACTIVE_ARCH = YES;
				SDKROOT = iphoneos;
				SWIFT_OPTIMIZATION_LEVEL = "-Onone";
			};
			name = Debug;
		};
		5E7B74C31C47D742002D8D5D /* Release */ = {
			isa = XCBuildConfiguration;
			buildSettings = {
				ALWAYS_SEARCH_USER_PATHS = NO;
				CLANG_CXX_LANGUAGE_STANDARD = "gnu++0x";
				CLANG_CXX_LIBRARY = "libc++";
				CLANG_ENABLE_MODULES = YES;
				CLANG_ENABLE_OBJC_ARC = YES;
				CLANG_WARN_BOOL_CONVERSION = YES;
				CLANG_WARN_CONSTANT_CONVERSION = YES;
				CLANG_WARN_DIRECT_OBJC_ISA_USAGE = YES_ERROR;
				CLANG_WARN_EMPTY_BODY = YES;
				CLANG_WARN_ENUM_CONVERSION = YES;
				CLANG_WARN_INT_CONVERSION = YES;
				CLANG_WARN_OBJC_ROOT_CLASS = YES_ERROR;
				CLANG_WARN_UNREACHABLE_CODE = YES;
				CLANG_WARN__DUPLICATE_METHOD_MATCH = YES;
				"CODE_SIGN_IDENTITY[sdk=iphoneos*]" = "iPhone Developer";
				COPY_PHASE_STRIP = NO;
				DEBUG_INFORMATION_FORMAT = "dwarf-with-dsym";
				ENABLE_NS_ASSERTIONS = NO;
				ENABLE_STRICT_OBJC_MSGSEND = YES;
				GCC_C_LANGUAGE_STANDARD = gnu99;
				GCC_NO_COMMON_BLOCKS = YES;
				GCC_WARN_64_TO_32_BIT_CONVERSION = YES;
				GCC_WARN_ABOUT_RETURN_TYPE = YES_ERROR;
				GCC_WARN_UNDECLARED_SELECTOR = YES;
				GCC_WARN_UNINITIALIZED_AUTOS = YES_AGGRESSIVE;
				GCC_WARN_UNUSED_FUNCTION = YES;
				GCC_WARN_UNUSED_VARIABLE = YES;
				IPHONEOS_DEPLOYMENT_TARGET = 9.3;
				MTL_ENABLE_DEBUG_INFO = NO;
				SDKROOT = iphoneos;
				VALIDATE_PRODUCT = YES;
			};
			name = Release;
		};
		5E7B74C51C47D742002D8D5D /* Debug */ = {
			isa = XCBuildConfiguration;
			buildSettings = {
				ASSETCATALOG_COMPILER_APPICON_NAME = AppIcon;
				INFOPLIST_FILE = DynamicSelectionHeightExample/Info.plist;
				LD_RUNPATH_SEARCH_PATHS = "$(inherited) @executable_path/Frameworks";
				PRODUCT_BUNDLE_IDENTIFIER = com.kaiengelhardt.DynamicSelectionHeightExample;
				PRODUCT_NAME = "$(TARGET_NAME)";
			};
			name = Debug;
		};
		5E7B74C61C47D742002D8D5D /* Release */ = {
			isa = XCBuildConfiguration;
			buildSettings = {
				ASSETCATALOG_COMPILER_APPICON_NAME = AppIcon;
				INFOPLIST_FILE = DynamicSelectionHeightExample/Info.plist;
				LD_RUNPATH_SEARCH_PATHS = "$(inherited) @executable_path/Frameworks";
				PRODUCT_BUNDLE_IDENTIFIER = com.kaiengelhardt.DynamicSelectionHeightExample;
				PRODUCT_NAME = "$(TARGET_NAME)";
			};
			name = Release;
		};
		5E7B74C81C47D742002D8D5D /* Debug */ = {
			isa = XCBuildConfiguration;
			buildSettings = {
				BUNDLE_LOADER = "$(TEST_HOST)";
				INFOPLIST_FILE = DynamicSelectionHeightExampleTests/Info.plist;
				LD_RUNPATH_SEARCH_PATHS = "$(inherited) @executable_path/Frameworks @loader_path/Frameworks";
				PRODUCT_BUNDLE_IDENTIFIER = com.kaiengelhardt.DynamicSelectionHeightExampleTests;
				PRODUCT_NAME = "$(TARGET_NAME)";
				TEST_HOST = "$(BUILT_PRODUCTS_DIR)/DynamicSelectionHeightExample.app/DynamicSelectionHeightExample";
			};
			name = Debug;
		};
		5E7B74C91C47D742002D8D5D /* Release */ = {
			isa = XCBuildConfiguration;
			buildSettings = {
				BUNDLE_LOADER = "$(TEST_HOST)";
				INFOPLIST_FILE = DynamicSelectionHeightExampleTests/Info.plist;
				LD_RUNPATH_SEARCH_PATHS = "$(inherited) @executable_path/Frameworks @loader_path/Frameworks";
				PRODUCT_BUNDLE_IDENTIFIER = com.kaiengelhardt.DynamicSelectionHeightExampleTests;
				PRODUCT_NAME = "$(TARGET_NAME)";
				TEST_HOST = "$(BUILT_PRODUCTS_DIR)/DynamicSelectionHeightExample.app/DynamicSelectionHeightExample";
			};
			name = Release;
		};
		5E7B74CB1C47D742002D8D5D /* Debug */ = {
			isa = XCBuildConfiguration;
			buildSettings = {
				INFOPLIST_FILE = DynamicSelectionHeightExampleUITests/Info.plist;
				LD_RUNPATH_SEARCH_PATHS = "$(inherited) @executable_path/Frameworks @loader_path/Frameworks";
				PRODUCT_BUNDLE_IDENTIFIER = com.kaiengelhardt.DynamicSelectionHeightExampleUITests;
				PRODUCT_NAME = "$(TARGET_NAME)";
				TEST_TARGET_NAME = DynamicSelectionHeightExample;
			};
			name = Debug;
		};
		5E7B74CC1C47D742002D8D5D /* Release */ = {
			isa = XCBuildConfiguration;
			buildSettings = {
				INFOPLIST_FILE = DynamicSelectionHeightExampleUITests/Info.plist;
				LD_RUNPATH_SEARCH_PATHS = "$(inherited) @executable_path/Frameworks @loader_path/Frameworks";
				PRODUCT_BUNDLE_IDENTIFIER = com.kaiengelhardt.DynamicSelectionHeightExampleUITests;
				PRODUCT_NAME = "$(TARGET_NAME)";
				TEST_TARGET_NAME = DynamicSelectionHeightExample;
			};
			name = Release;
		};
/* End XCBuildConfiguration section */

/* Begin XCConfigurationList section */
		5E7B74971C47D742002D8D5D /* Build configuration list for PBXProject "DynamicSelectionHeightExample" */ = {
			isa = XCConfigurationList;
			buildConfigurations = (
				5E7B74C21C47D742002D8D5D /* Debug */,
				5E7B74C31C47D742002D8D5D /* Release */,
			);
			defaultConfigurationIsVisible = 0;
			defaultConfigurationName = Release;
		};
		5E7B74C41C47D742002D8D5D /* Build configuration list for PBXNativeTarget "DynamicSelectionHeightExample" */ = {
			isa = XCConfigurationList;
			buildConfigurations = (
				5E7B74C51C47D742002D8D5D /* Debug */,
				5E7B74C61C47D742002D8D5D /* Release */,
			);
			defaultConfigurationIsVisible = 0;
		};
		5E7B74C71C47D742002D8D5D /* Build configuration list for PBXNativeTarget "DynamicSelectionHeightExampleTests" */ = {
			isa = XCConfigurationList;
			buildConfigurations = (
				5E7B74C81C47D742002D8D5D /* Debug */,
				5E7B74C91C47D742002D8D5D /* Release */,
			);
			defaultConfigurationIsVisible = 0;
		};
		5E7B74CA1C47D742002D8D5D /* Build configuration list for PBXNativeTarget "DynamicSelectionHeightExampleUITests" */ = {
			isa = XCConfigurationList;
			buildConfigurations = (
				5E7B74CB1C47D742002D8D5D /* Debug */,
				5E7B74CC1C47D742002D8D5D /* Release */,
			);
			defaultConfigurationIsVisible = 0;
		};
/* End XCConfigurationList section */
	};
	rootObject = 5E7B74941C47D742002D8D5D /* Project object */;
}
